
Microsoft Visual Studio Solution File, Format Version 12.00
# Visual Studio Version 17
VisualStudioVersion = 17.14.36414.22
MinimumVisualStudioVersion = 10.0.40219.1
Project("{FAE04EC0-301F-11D3-BF4B-00C04F79EFBC}") = "Pharmacy Presintation Layer", "Pharmacy Presintation Layer.csproj", "{0B464D91-9FFE-4545-A318-71881BFDAC89}"
EndProject
Project("{FAE04EC0-301F-11D3-BF4B-00C04F79EFBC}") = "Business_Layer", "..\..\..\DoseMate\DoseMate\Business_Layer.csproj", "{E49457AC-FCF6-499D-BAFA-34DDA5141542}"
EndProject
Project("{FAE04EC0-301F-11D3-BF4B-00C04F79EFBC}") = "DataAccessLayer", "..\..\..\DoseMate\DataAccessLayer\DataAccessLayer.csproj", "{A2981C03-274D-4F7E-99ED-0DFC64DA14BB}"
EndProject
Project("{2150E333-8FDC-42A3-9474-1A3956D46DE8}") = "Solution Items", "Solution Items", "{8EC462FD-D22E-90A8-E5CE-7E832BA40C5D}"
	ProjectSection(SolutionItems) = preProject
		gitignore.txt = gitignore.txt
	EndProjectSection
EndProject
Global
	GlobalSection(SolutionConfigurationPlatforms) = preSolution
		Debug|Any CPU = Debug|Any CPU
		Release|Any CPU = Release|Any CPU
	EndGlobalSection
	GlobalSection(ProjectConfigurationPlatforms) = postSolution
		{0B464D91-9FFE-4545-A318-71881BFDAC89}.Debug|Any CPU.ActiveCfg = Debug|Any CPU
		{0B464D91-9FFE-4545-A318-71881BFDAC89}.Debug|Any CPU.Build.0 = Debug|Any CPU
		{0B464D91-9FFE-4545-A318-71881BFDAC89}.Release|Any CPU.ActiveCfg = Release|Any CPU
		{0B464D91-9FFE-4545-A318-71881BFDAC89}.Release|Any CPU.Build.0 = Release|Any CPU
		{E49457AC-FCF6-499D-BAFA-34DDA5141542}.Debug|Any CPU.ActiveCfg = Debug|Any CPU
		{E49457AC-FCF6-499D-BAFA-34DDA5141542}.Debug|Any CPU.Build.0 = Debug|Any CPU
		{E49457AC-FCF6-499D-BAFA-34DDA5141542}.Release|Any CPU.ActiveCfg = Release|Any CPU
		{E49457AC-FCF6-499D-BAFA-34DDA5141542}.Release|Any CPU.Build.0 = Release|Any CPU
		{A2981C03-274D-4F7E-99ED-0DFC64DA14BB}.Debug|Any CPU.ActiveCfg = Debug|Any CPU
		{A2981C03-274D-4F7E-99ED-0DFC64DA14BB}.Debug|Any CPU.Build.0 = Debug|Any CPU
		{A2981C03-274D-4F7E-99ED-0DFC64DA14BB}.Release|Any CPU.ActiveCfg = Release|Any CPU
		{A2981C03-274D-4F7E-99ED-0DFC64DA14BB}.Release|Any CPU.Build.0 = Release|Any CPU
	EndGlobalSection
	GlobalSection(SolutionProperties) = preSolution
		HideSolutionNode = FALSE
	EndGlobalSection
	GlobalSection(ExtensibilityGlobals) = postSolution
		SolutionGuid = {D1BF9883-CC4B-4C12-997E-7720BA3DF562}
	EndGlobalSection
EndGlobal
